{
  "version": 4,
  "terraform_version": "1.3.2",
  "serial": 149,
  "lineage": "ea9853fa-b67c-67e5-0e81-7f3ce22cf814",
  "outputs": {
    "privateip": {
      "value": "172.16.1.145",
      "type": "string"
    },
    "vcndns": {
      "value": "viswavcn.oraclevcn.com",
      "type": "string"
    }
  },
  "resources": [
    {
      "mode": "data",
      "type": "oci_core_services",
      "name": "AshburnServices",
      "provider": "provider[\"registry.terraform.io/oracle/oci\"]",
      "instances": [
        {
          "schema_version": 0,
          "attributes": {
            "filter": null,
            "id": "CoreServicesDataSource-0",
            "services": [
              {
                "cidr_block": "oci-iad-objectstorage",
                "description": "OCI IAD Object Storage",
                "id": "ocid1.service.oc1.iad.aaaaaaaa74z6sqsezqf6znyomdp5jkvfwb4j2ol33abgosvnhxcqphyl3eaq",
                "name": "OCI IAD Object Storage"
              },
              {
                "cidr_block": "all-iad-services-in-oracle-services-network",
                "description": "All IAD Services In Oracle Services Network",
                "id": "ocid1.service.oc1.iad.aaaaaaaam4zfmy2rjue6fmglumm3czgisxzrnvrwqeodtztg7hwa272mlfna",
                "name": "All IAD Services In Oracle Services Network"
              }
            ]
          },
          "sensitive_attributes": []
        }
      ]
    },
    {
      "mode": "data",
      "type": "oci_identity_availability_domains",
      "name": "test_ads",
      "provider": "provider[\"registry.terraform.io/oracle/oci\"]",
      "instances": [
        {
          "schema_version": 0,
          "attributes": {
            "availability_domains": [
              {
                "compartment_id": "ocid1.compartment.oc1..aaaaaaaa47tswgehalcy3u4jtew6gxduww3233cqmm6i6k5wwfv75bhwfh7a",
                "id": "ocid1.availabilitydomain.oc1..aaaaaaaauvt2n7pijol7uqgdnnsoojcukrijtmcltvfwxazmitk235wyohta",
                "name": "UWQV:US-ASHBURN-AD-1"
              },
              {
                "compartment_id": "ocid1.compartment.oc1..aaaaaaaa47tswgehalcy3u4jtew6gxduww3233cqmm6i6k5wwfv75bhwfh7a",
                "id": "ocid1.availabilitydomain.oc1..aaaaaaaaztunlny6ae4yw2vghp5go2zceaonwp6wiioe3tnh2vlaxjjl2n3a",
                "name": "UWQV:US-ASHBURN-AD-2"
              },
              {
                "compartment_id": "ocid1.compartment.oc1..aaaaaaaa47tswgehalcy3u4jtew6gxduww3233cqmm6i6k5wwfv75bhwfh7a",
                "id": "ocid1.availabilitydomain.oc1..aaaaaaaatrwxaogr7dl4yschqtrmqrdv6uzis3mgbnomiagqrfhcb7mxsfdq",
                "name": "UWQV:US-ASHBURN-AD-3"
              }
            ],
            "compartment_id": "ocid1.compartment.oc1..aaaaaaaa47tswgehalcy3u4jtew6gxduww3233cqmm6i6k5wwfv75bhwfh7a",
            "filter": null,
            "id": "IdentityAvailabilityDomainsDataSource-508826540"
          },
          "sensitive_attributes": []
        }
      ]
    },
    {
      "mode": "managed",
      "type": "oci_core_instance",
      "name": "first_instance",
      "provider": "provider[\"registry.terraform.io/oracle/oci\"]",
      "instances": [
        {
          "schema_version": 0,
          "attributes": {
            "agent_config": [
              {
                "are_all_plugins_disabled": false,
                "is_management_disabled": false,
                "is_monitoring_disabled": false,
                "plugins_config": []
              }
            ],
            "async": null,
            "availability_config": [
              {
                "is_live_migration_preferred": false,
                "recovery_action": "RESTORE_INSTANCE"
              }
            ],
            "availability_domain": "UWQV:US-ASHBURN-AD-1",
            "boot_volume_id": "ocid1.bootvolume.oc1.iad.abuwcljrlmefqjpcjdwbgroldqicpsb3vhns4s4gacx5avla7kqxuw4lvezq",
            "capacity_reservation_id": null,
            "compartment_id": "ocid1.compartment.oc1..aaaaaaaa47tswgehalcy3u4jtew6gxduww3233cqmm6i6k5wwfv75bhwfh7a",
            "create_vnic_details": [
              {
                "assign_private_dns_record": true,
                "assign_public_ip": "false",
                "defined_tags": {
                  "TagDefaults.Created_at": "2022-10-17T21:11:10.086Z",
                  "TagDefaults.Created_by": "oracleidentitycloudservice/vignesh.vv.viswanathan@oracle.com"
                },
                "display_name": "First Instance",
                "freeform_tags": {},
                "hostname_label": "",
                "nsg_ids": null,
                "private_ip": "172.16.1.145",
                "skip_source_dest_check": false,
                "subnet_id": "ocid1.subnet.oc1.iad.aaaaaaaa53bbdrupgdule6revwspstgypnjygp6rvtgm3zjsvzy4qu6nnska",
                "vlan_id": ""
              }
            ],
            "dedicated_vm_host_id": null,
            "defined_tags": {
              "TagDefaults.Created_at": "2022-10-17T21:11:09.907Z",
              "TagDefaults.Created_by": "oracleidentitycloudservice/vignesh.vv.viswanathan@oracle.com"
            },
            "display_name": "First Instance",
            "extended_metadata": null,
            "fault_domain": "FAULT-DOMAIN-3",
            "freeform_tags": {},
            "hostname_label": "",
            "id": "ocid1.instance.oc1.iad.anuwcljrytsgwaycrmzewihg2omrygm2inlnuvezokv6rt2w4cncnmgktofq",
            "image": "ocid1.image.oc1.iad.aaaaaaaasdqmcux7p5sdhhsqygmfzf2n6smemihykfv4bv7qh4235zre75da",
            "instance_options": [
              {
                "are_legacy_imds_endpoints_disabled": false
              }
            ],
            "ipxe_script": null,
            "is_pv_encryption_in_transit_enabled": null,
            "launch_mode": "PARAVIRTUALIZED",
            "launch_options": [
              {
                "boot_volume_type": "PARAVIRTUALIZED",
                "firmware": "UEFI_64",
                "is_consistent_volume_naming_enabled": true,
                "is_pv_encryption_in_transit_enabled": false,
                "network_type": "PARAVIRTUALIZED",
                "remote_data_volume_type": "PARAVIRTUALIZED"
              }
            ],
            "metadata": {
              "ssh_authorized_keys": "ssh-rsa AAAAB3NzaC1yc2EAAAADAQABAAABgQC7qZb2YVUWZ0+Vq+V8oQhaNilvwFai38Q2uKBMKKhaXLIctJP512yg/83r0S80XASsottWdhYVWiiGyHo3f763umLTnSHjHNZnUFyZwoNr/1Bp7zcpaewfUfA4/LQco0xlYOmqMD8mWblQ0l/xMSsqeZwSH3ooAqXWuUVvzzQ17pvmSpzqeE+Gu7A4FPBy3IwqzZyN7XG5oP584VOg5aC8tmfhC9H1/PeLRyZJpe8NWQeDb4yFlCF8dn4R8uFqjSkAiqSzMg2gw+oKVQmFM+JTeaOjLgkjuPf24uCgDzG+KksAM4KodeLKZPMi4hQS8Ya856LoWyKAl9lXgUfT+scyE/SP+CF1Z3ZkSmnEBgUYaZJG/ntNMQVpmhtbwp8ZTfDNMbAajULMQ3zfi+7yHpMmbBQdMOfBi3lGYRTe8QQqqZ5xmFbMKBAtsgV/1eDhWfKz8EypNqQAFdQ3nV7eBW9gjKETWcCXaGCnNaX2kVKBUa8d0lArJwPOq1gOfvKStHM= vignvisw@vignvisw-mac"
            },
            "platform_config": [],
            "preemptible_instance_config": [],
            "preserve_boot_volume": null,
            "private_ip": "172.16.1.145",
            "public_ip": "",
            "region": "iad",
            "shape": "VM.Standard.E3.Flex",
            "shape_config": [
              {
                "baseline_ocpu_utilization": "",
                "gpu_description": "",
                "gpus": 0,
                "local_disk_description": "",
                "local_disks": 0,
                "local_disks_total_size_in_gbs": 0,
                "max_vnic_attachments": 2,
                "memory_in_gbs": 8,
                "networking_bandwidth_in_gbps": 2,
                "nvmes": 0,
                "ocpus": 2,
                "processor_description": "2.25 GHz AMD EPYC™ 7742 (Rome)"
              }
            ],
            "source_details": [
              {
                "boot_volume_size_in_gbs": "47",
                "boot_volume_vpus_per_gb": "10",
                "kms_key_id": "",
                "source_id": "ocid1.image.oc1.iad.aaaaaaaasdqmcux7p5sdhhsqygmfzf2n6smemihykfv4bv7qh4235zre75da",
                "source_type": "image"
              }
            ],
            "state": "RUNNING",
            "subnet_id": "ocid1.subnet.oc1.iad.aaaaaaaa53bbdrupgdule6revwspstgypnjygp6rvtgm3zjsvzy4qu6nnska",
            "system_tags": {},
            "time_created": "2022-10-17 21:11:10.525 +0000 UTC",
            "time_maintenance_reboot_due": "",
            "timeouts": null
          },
          "sensitive_attributes": [
            [
              {
                "type": "get_attr",
                "value": "metadata"
              },
              {
                "type": "index",
                "value": {
                  "value": "ssh_authorized_keys",
                  "type": "string"
                }
              }
            ]
          ],
          "private": "eyJlMmJmYjczMC1lY2FhLTExZTYtOGY4OC0zNDM2M2JjN2M0YzAiOnsiY3JlYXRlIjoyNzAwMDAwMDAwMDAwLCJkZWxldGUiOjQ1MDAwMDAwMDAwMDAsInVwZGF0ZSI6MjcwMDAwMDAwMDAwMH19",
          "dependencies": [
            "data.oci_core_services.AshburnServices",
            "data.oci_identity_availability_domains.test_ads",
            "oci_core_route_table.privatert",
            "oci_core_security_list.secpri",
            "oci_core_service_gateway.sgw",
            "oci_core_subnet.Private",
            "oci_core_vcn.vigviswavcn",
            "oci_identity_compartment.viswaterraform"
          ]
        }
      ]
    },
    {
      "mode": "managed",
      "type": "oci_core_internet_gateway",
      "name": "igw",
      "provider": "provider[\"registry.terraform.io/oracle/oci\"]",
      "instances": [
        {
          "schema_version": 0,
          "attributes": {
            "compartment_id": "ocid1.compartment.oc1..aaaaaaaa47tswgehalcy3u4jtew6gxduww3233cqmm6i6k5wwfv75bhwfh7a",
            "defined_tags": {
              "TagDefaults.Created_at": "2022-10-17T15:50:00.577Z",
              "TagDefaults.Created_by": "oracleidentitycloudservice/vignesh.vv.viswanathan@oracle.com"
            },
            "display_name": "igw",
            "enabled": true,
            "freeform_tags": {},
            "id": "ocid1.internetgateway.oc1.iad.aaaaaaaajtqwjgr6vcvkgyhukm4kymqwdpzajd367bii7nzihr4uzo26xqvq",
            "route_table_id": null,
            "state": "AVAILABLE",
            "time_created": "2022-10-17 15:50:00.67 +0000 UTC",
            "timeouts": null,
            "vcn_id": "ocid1.vcn.oc1.iad.amaaaaaaytsgwayaz5od6xdfekscl6dhku3qtw2lohnbiedgsg4yxu5jodgq"
          },
          "sensitive_attributes": [],
          "private": "eyJlMmJmYjczMC1lY2FhLTExZTYtOGY4OC0zNDM2M2JjN2M0YzAiOnsiY3JlYXRlIjoxMjAwMDAwMDAwMDAwLCJkZWxldGUiOjEyMDAwMDAwMDAwMDAsInVwZGF0ZSI6MTIwMDAwMDAwMDAwMH19",
          "dependencies": [
            "oci_core_vcn.vigviswavcn",
            "oci_identity_compartment.viswaterraform"
          ]
        }
      ]
    },
    {
      "mode": "managed",
      "type": "oci_core_route_table",
      "name": "privatert",
      "provider": "provider[\"registry.terraform.io/oracle/oci\"]",
      "instances": [
        {
          "schema_version": 0,
          "attributes": {
            "compartment_id": "ocid1.compartment.oc1..aaaaaaaa47tswgehalcy3u4jtew6gxduww3233cqmm6i6k5wwfv75bhwfh7a",
            "defined_tags": {
              "TagDefaults.Created_at": "2022-10-17T15:50:02.766Z",
              "TagDefaults.Created_by": "oracleidentitycloudservice/vignesh.vv.viswanathan@oracle.com"
            },
            "display_name": "PrivateRT",
            "freeform_tags": {},
            "id": "ocid1.routetable.oc1.iad.aaaaaaaaez7x5yqj2loza3lw4vedd4xsxdst2cbuqjvicmffp5looqsd2pma",
            "route_rules": [
              {
                "cidr_block": "",
                "description": "",
                "destination": "all-iad-services-in-oracle-services-network",
                "destination_type": "SERVICE_CIDR_BLOCK",
                "network_entity_id": "ocid1.servicegateway.oc1.iad.aaaaaaaauufur3deisyrlvnfzcsjyilk56qohwszfbpbt4xomzei4mluxvwa",
                "route_type": ""
              }
            ],
            "state": "AVAILABLE",
            "time_created": "2022-10-17 15:50:02.788 +0000 UTC",
            "timeouts": null,
            "vcn_id": "ocid1.vcn.oc1.iad.amaaaaaaytsgwayaz5od6xdfekscl6dhku3qtw2lohnbiedgsg4yxu5jodgq"
          },
          "sensitive_attributes": [],
          "private": "eyJlMmJmYjczMC1lY2FhLTExZTYtOGY4OC0zNDM2M2JjN2M0YzAiOnsiY3JlYXRlIjoxMjAwMDAwMDAwMDAwLCJkZWxldGUiOjEyMDAwMDAwMDAwMDAsInVwZGF0ZSI6MTIwMDAwMDAwMDAwMH19",
          "dependencies": [
            "data.oci_core_services.AshburnServices",
            "oci_core_service_gateway.sgw",
            "oci_core_vcn.vigviswavcn",
            "oci_identity_compartment.viswaterraform"
          ]
        }
      ]
    },
    {
      "mode": "managed",
      "type": "oci_core_route_table",
      "name": "publicrt",
      "provider": "provider[\"registry.terraform.io/oracle/oci\"]",
      "instances": [
        {
          "schema_version": 0,
          "attributes": {
            "compartment_id": "ocid1.compartment.oc1..aaaaaaaa47tswgehalcy3u4jtew6gxduww3233cqmm6i6k5wwfv75bhwfh7a",
            "defined_tags": {
              "TagDefaults.Created_at": "2022-10-17T15:50:01.634Z",
              "TagDefaults.Created_by": "oracleidentitycloudservice/vignesh.vv.viswanathan@oracle.com"
            },
            "display_name": "PublicRT",
            "freeform_tags": {},
            "id": "ocid1.routetable.oc1.iad.aaaaaaaa5vs7deftsjvojevdb7uvuze6kl3njwqoy6qpnb6glk6l6bmudo3a",
            "route_rules": [
              {
                "cidr_block": "",
                "description": "",
                "destination": "0.0.0.0/0",
                "destination_type": "CIDR_BLOCK",
                "network_entity_id": "ocid1.internetgateway.oc1.iad.aaaaaaaajtqwjgr6vcvkgyhukm4kymqwdpzajd367bii7nzihr4uzo26xqvq",
                "route_type": ""
              }
            ],
            "state": "AVAILABLE",
            "time_created": "2022-10-17 15:50:01.687 +0000 UTC",
            "timeouts": null,
            "vcn_id": "ocid1.vcn.oc1.iad.amaaaaaaytsgwayaz5od6xdfekscl6dhku3qtw2lohnbiedgsg4yxu5jodgq"
          },
          "sensitive_attributes": [],
          "private": "eyJlMmJmYjczMC1lY2FhLTExZTYtOGY4OC0zNDM2M2JjN2M0YzAiOnsiY3JlYXRlIjoxMjAwMDAwMDAwMDAwLCJkZWxldGUiOjEyMDAwMDAwMDAwMDAsInVwZGF0ZSI6MTIwMDAwMDAwMDAwMH19",
          "dependencies": [
            "oci_core_internet_gateway.igw",
            "oci_core_vcn.vigviswavcn",
            "oci_identity_compartment.viswaterraform"
          ]
        }
      ]
    },
    {
      "mode": "managed",
      "type": "oci_core_route_table_attachment",
      "name": "private",
      "provider": "provider[\"registry.terraform.io/oracle/oci\"]",
      "instances": [
        {
          "schema_version": 0,
          "attributes": {
            "id": "ocid1.subnet.oc1.iad.aaaaaaaa53bbdrupgdule6revwspstgypnjygp6rvtgm3zjsvzy4qu6nnska/ocid1.routetable.oc1.iad.aaaaaaaaez7x5yqj2loza3lw4vedd4xsxdst2cbuqjvicmffp5looqsd2pma",
            "route_table_id": "ocid1.routetable.oc1.iad.aaaaaaaaez7x5yqj2loza3lw4vedd4xsxdst2cbuqjvicmffp5looqsd2pma",
            "subnet_id": "ocid1.subnet.oc1.iad.aaaaaaaa53bbdrupgdule6revwspstgypnjygp6rvtgm3zjsvzy4qu6nnska",
            "timeouts": null
          },
          "sensitive_attributes": [],
          "private": "eyJlMmJmYjczMC1lY2FhLTExZTYtOGY4OC0zNDM2M2JjN2M0YzAiOnsiY3JlYXRlIjoxMjAwMDAwMDAwMDAwLCJkZWxldGUiOjEyMDAwMDAwMDAwMDAsInVwZGF0ZSI6MTIwMDAwMDAwMDAwMH19",
          "dependencies": [
            "data.oci_core_services.AshburnServices",
            "oci_core_route_table.privatert",
            "oci_core_security_list.secpri",
            "oci_core_service_gateway.sgw",
            "oci_core_subnet.Private",
            "oci_core_vcn.vigviswavcn",
            "oci_identity_compartment.viswaterraform"
          ]
        }
      ]
    },
    {
      "mode": "managed",
      "type": "oci_core_route_table_attachment",
      "name": "public",
      "provider": "provider[\"registry.terraform.io/oracle/oci\"]",
      "instances": [
        {
          "schema_version": 0,
          "attributes": {
            "id": "ocid1.subnet.oc1.iad.aaaaaaaazi4su7a3exgmj2mfjpglu2bepufnnbhj4z43miouk2k2tdw3co2a/ocid1.routetable.oc1.iad.aaaaaaaa5vs7deftsjvojevdb7uvuze6kl3njwqoy6qpnb6glk6l6bmudo3a",
            "route_table_id": "ocid1.routetable.oc1.iad.aaaaaaaa5vs7deftsjvojevdb7uvuze6kl3njwqoy6qpnb6glk6l6bmudo3a",
            "subnet_id": "ocid1.subnet.oc1.iad.aaaaaaaazi4su7a3exgmj2mfjpglu2bepufnnbhj4z43miouk2k2tdw3co2a",
            "timeouts": null
          },
          "sensitive_attributes": [],
          "private": "eyJlMmJmYjczMC1lY2FhLTExZTYtOGY4OC0zNDM2M2JjN2M0YzAiOnsiY3JlYXRlIjoxMjAwMDAwMDAwMDAwLCJkZWxldGUiOjEyMDAwMDAwMDAwMDAsInVwZGF0ZSI6MTIwMDAwMDAwMDAwMH19",
          "dependencies": [
            "oci_core_internet_gateway.igw",
            "oci_core_route_table.publicrt",
            "oci_core_security_list.secpub",
            "oci_core_subnet.Public",
            "oci_core_vcn.vigviswavcn",
            "oci_identity_compartment.viswaterraform"
          ]
        }
      ]
    },
    {
      "mode": "managed",
      "type": "oci_core_security_list",
      "name": "secpri",
      "provider": "provider[\"registry.terraform.io/oracle/oci\"]",
      "instances": [
        {
          "schema_version": 0,
          "attributes": {
            "compartment_id": "ocid1.compartment.oc1..aaaaaaaa47tswgehalcy3u4jtew6gxduww3233cqmm6i6k5wwfv75bhwfh7a",
            "defined_tags": {
              "TagDefaults.Created_at": "2022-10-17T15:50:00.558Z",
              "TagDefaults.Created_by": "oracleidentitycloudservice/vignesh.vv.viswanathan@oracle.com"
            },
            "display_name": "PrivateSL",
            "egress_security_rules": [],
            "freeform_tags": {},
            "id": "ocid1.securitylist.oc1.iad.aaaaaaaaognggdnabdchkyu5hygmzeo6bp3hblstsvt4yu6a4cgx3qhu24ua",
            "ingress_security_rules": [],
            "state": "AVAILABLE",
            "time_created": "2022-10-17 15:50:00.611 +0000 UTC",
            "timeouts": null,
            "vcn_id": "ocid1.vcn.oc1.iad.amaaaaaaytsgwayaz5od6xdfekscl6dhku3qtw2lohnbiedgsg4yxu5jodgq"
          },
          "sensitive_attributes": [],
          "private": "eyJlMmJmYjczMC1lY2FhLTExZTYtOGY4OC0zNDM2M2JjN2M0YzAiOnsiY3JlYXRlIjoxMjAwMDAwMDAwMDAwLCJkZWxldGUiOjEyMDAwMDAwMDAwMDAsInVwZGF0ZSI6MTIwMDAwMDAwMDAwMH19",
          "dependencies": [
            "oci_core_vcn.vigviswavcn",
            "oci_identity_compartment.viswaterraform"
          ]
        }
      ]
    },
    {
      "mode": "managed",
      "type": "oci_core_security_list",
      "name": "secpub",
      "provider": "provider[\"registry.terraform.io/oracle/oci\"]",
      "instances": [
        {
          "schema_version": 0,
          "attributes": {
            "compartment_id": "ocid1.compartment.oc1..aaaaaaaa47tswgehalcy3u4jtew6gxduww3233cqmm6i6k5wwfv75bhwfh7a",
            "defined_tags": {
              "TagDefaults.Created_at": "2022-10-17T15:50:00.748Z",
              "TagDefaults.Created_by": "oracleidentitycloudservice/vignesh.vv.viswanathan@oracle.com"
            },
            "display_name": "PublicSL",
            "egress_security_rules": [
              {
                "description": "",
                "destination": "0.0.0.0/0",
                "destination_type": "CIDR_BLOCK",
                "icmp_options": [],
                "protocol": "all",
                "stateless": false,
                "tcp_options": [],
                "udp_options": []
              }
            ],
            "freeform_tags": {},
            "id": "ocid1.securitylist.oc1.iad.aaaaaaaak3ya3zsocb5xq5uzzsvk2wtsdly26xm4g2uhss5sbp6dwynek7pq",
            "ingress_security_rules": [
              {
                "description": "",
                "icmp_options": [
                  {
                    "code": -1,
                    "type": 8
                  }
                ],
                "protocol": "1",
                "source": "0.0.0.0/0",
                "source_type": "CIDR_BLOCK",
                "stateless": false,
                "tcp_options": [],
                "udp_options": []
              },
              {
                "description": "",
                "icmp_options": [],
                "protocol": "6",
                "source": "0.0.0.0/0",
                "source_type": "CIDR_BLOCK",
                "stateless": false,
                "tcp_options": [],
                "udp_options": []
              }
            ],
            "state": "AVAILABLE",
            "time_created": "2022-10-17 15:50:00.822 +0000 UTC",
            "timeouts": null,
            "vcn_id": "ocid1.vcn.oc1.iad.amaaaaaaytsgwayaz5od6xdfekscl6dhku3qtw2lohnbiedgsg4yxu5jodgq"
          },
          "sensitive_attributes": [],
          "private": "eyJlMmJmYjczMC1lY2FhLTExZTYtOGY4OC0zNDM2M2JjN2M0YzAiOnsiY3JlYXRlIjoxMjAwMDAwMDAwMDAwLCJkZWxldGUiOjEyMDAwMDAwMDAwMDAsInVwZGF0ZSI6MTIwMDAwMDAwMDAwMH19",
          "dependencies": [
            "oci_core_vcn.vigviswavcn",
            "oci_identity_compartment.viswaterraform"
          ]
        }
      ]
    },
    {
      "mode": "managed",
      "type": "oci_core_service_gateway",
      "name": "sgw",
      "provider": "provider[\"registry.terraform.io/oracle/oci\"]",
      "instances": [
        {
          "schema_version": 0,
          "attributes": {
            "block_traffic": false,
            "compartment_id": "ocid1.compartment.oc1..aaaaaaaa47tswgehalcy3u4jtew6gxduww3233cqmm6i6k5wwfv75bhwfh7a",
            "defined_tags": {
              "TagDefaults.Created_at": "2022-10-17T15:50:00.633Z",
              "TagDefaults.Created_by": "oracleidentitycloudservice/vignesh.vv.viswanathan@oracle.com"
            },
            "display_name": "sgw",
            "freeform_tags": {},
            "id": "ocid1.servicegateway.oc1.iad.aaaaaaaauufur3deisyrlvnfzcsjyilk56qohwszfbpbt4xomzei4mluxvwa",
            "route_table_id": null,
            "services": [
              {
                "service_id": "ocid1.service.oc1.iad.aaaaaaaam4zfmy2rjue6fmglumm3czgisxzrnvrwqeodtztg7hwa272mlfna",
                "service_name": "All IAD Services In Oracle Services Network"
              }
            ],
            "state": "AVAILABLE",
            "time_created": "2022-10-17 15:50:01.697 +0000 UTC",
            "timeouts": null,
            "vcn_id": "ocid1.vcn.oc1.iad.amaaaaaaytsgwayaz5od6xdfekscl6dhku3qtw2lohnbiedgsg4yxu5jodgq"
          },
          "sensitive_attributes": [],
          "private": "eyJlMmJmYjczMC1lY2FhLTExZTYtOGY4OC0zNDM2M2JjN2M0YzAiOnsiY3JlYXRlIjoxMjAwMDAwMDAwMDAwLCJkZWxldGUiOjEyMDAwMDAwMDAwMDAsInVwZGF0ZSI6MTIwMDAwMDAwMDAwMH19",
          "dependencies": [
            "data.oci_core_services.AshburnServices",
            "oci_core_vcn.vigviswavcn",
            "oci_identity_compartment.viswaterraform"
          ]
        }
      ]
    },
    {
      "mode": "managed",
      "type": "oci_core_subnet",
      "name": "Private",
      "provider": "provider[\"registry.terraform.io/oracle/oci\"]",
      "instances": [
        {
          "schema_version": 0,
          "attributes": {
            "availability_domain": null,
            "cidr_block": "172.16.1.0/24",
            "compartment_id": "ocid1.compartment.oc1..aaaaaaaa47tswgehalcy3u4jtew6gxduww3233cqmm6i6k5wwfv75bhwfh7a",
            "defined_tags": {
              "TagDefaults.Created_at": "2022-10-17T16:04:00.824Z",
              "TagDefaults.Created_by": "oracleidentitycloudservice/vignesh.vv.viswanathan@oracle.com"
            },
            "dhcp_options_id": "ocid1.dhcpoptions.oc1.iad.aaaaaaaatoa2wuhtvfrsgwkj66yu5kz3h2ckkbu2tpg7zslgdui4m2yetohq",
            "display_name": "Private TSub",
            "dns_label": null,
            "freeform_tags": {},
            "id": "ocid1.subnet.oc1.iad.aaaaaaaa53bbdrupgdule6revwspstgypnjygp6rvtgm3zjsvzy4qu6nnska",
            "ipv6cidr_block": null,
            "ipv6cidr_blocks": [],
            "ipv6virtual_router_ip": null,
            "prohibit_internet_ingress": true,
            "prohibit_public_ip_on_vnic": true,
            "route_table_id": "ocid1.routetable.oc1.iad.aaaaaaaaez7x5yqj2loza3lw4vedd4xsxdst2cbuqjvicmffp5looqsd2pma",
            "security_list_ids": [
              "ocid1.securitylist.oc1.iad.aaaaaaaaognggdnabdchkyu5hygmzeo6bp3hblstsvt4yu6a4cgx3qhu24ua"
            ],
            "state": "AVAILABLE",
            "subnet_domain_name": null,
            "time_created": "2022-10-17 16:04:00.909 +0000 UTC",
            "timeouts": null,
            "vcn_id": "ocid1.vcn.oc1.iad.amaaaaaaytsgwayaz5od6xdfekscl6dhku3qtw2lohnbiedgsg4yxu5jodgq",
            "virtual_router_ip": "172.16.1.1",
            "virtual_router_mac": "00:00:17:68:BF:72"
          },
          "sensitive_attributes": [],
          "private": "eyJlMmJmYjczMC1lY2FhLTExZTYtOGY4OC0zNDM2M2JjN2M0YzAiOnsiY3JlYXRlIjoxMjAwMDAwMDAwMDAwLCJkZWxldGUiOjEyMDAwMDAwMDAwMDAsInVwZGF0ZSI6MTIwMDAwMDAwMDAwMH19",
          "dependencies": [
            "data.oci_core_services.AshburnServices",
            "oci_core_route_table.privatert",
            "oci_core_security_list.secpri",
            "oci_core_service_gateway.sgw",
            "oci_core_vcn.vigviswavcn",
            "oci_identity_compartment.viswaterraform"
          ]
        }
      ]
    },
    {
      "mode": "managed",
      "type": "oci_core_subnet",
      "name": "Public",
      "provider": "provider[\"registry.terraform.io/oracle/oci\"]",
      "instances": [
        {
          "schema_version": 0,
          "attributes": {
            "availability_domain": null,
            "cidr_block": "172.16.0.0/24",
            "compartment_id": "ocid1.compartment.oc1..aaaaaaaa47tswgehalcy3u4jtew6gxduww3233cqmm6i6k5wwfv75bhwfh7a",
            "defined_tags": {
              "TagDefaults.Created_at": "2022-10-17T15:50:03.217Z",
              "TagDefaults.Created_by": "oracleidentitycloudservice/vignesh.vv.viswanathan@oracle.com"
            },
            "dhcp_options_id": "ocid1.dhcpoptions.oc1.iad.aaaaaaaatoa2wuhtvfrsgwkj66yu5kz3h2ckkbu2tpg7zslgdui4m2yetohq",
            "display_name": "Public TSub",
            "dns_label": null,
            "freeform_tags": {},
            "id": "ocid1.subnet.oc1.iad.aaaaaaaazi4su7a3exgmj2mfjpglu2bepufnnbhj4z43miouk2k2tdw3co2a",
            "ipv6cidr_block": null,
            "ipv6cidr_blocks": [],
            "ipv6virtual_router_ip": null,
            "prohibit_internet_ingress": false,
            "prohibit_public_ip_on_vnic": false,
            "route_table_id": "ocid1.routetable.oc1.iad.aaaaaaaa5vs7deftsjvojevdb7uvuze6kl3njwqoy6qpnb6glk6l6bmudo3a",
            "security_list_ids": [
              "ocid1.securitylist.oc1.iad.aaaaaaaak3ya3zsocb5xq5uzzsvk2wtsdly26xm4g2uhss5sbp6dwynek7pq"
            ],
            "state": "AVAILABLE",
            "subnet_domain_name": null,
            "time_created": "2022-10-17 15:50:03.284 +0000 UTC",
            "timeouts": null,
            "vcn_id": "ocid1.vcn.oc1.iad.amaaaaaaytsgwayaz5od6xdfekscl6dhku3qtw2lohnbiedgsg4yxu5jodgq",
            "virtual_router_ip": "172.16.0.1",
            "virtual_router_mac": "00:00:17:68:BF:72"
          },
          "sensitive_attributes": [],
          "private": "eyJlMmJmYjczMC1lY2FhLTExZTYtOGY4OC0zNDM2M2JjN2M0YzAiOnsiY3JlYXRlIjoxMjAwMDAwMDAwMDAwLCJkZWxldGUiOjEyMDAwMDAwMDAwMDAsInVwZGF0ZSI6MTIwMDAwMDAwMDAwMH19",
          "dependencies": [
            "oci_core_internet_gateway.igw",
            "oci_core_route_table.publicrt",
            "oci_core_security_list.secpub",
            "oci_core_vcn.vigviswavcn",
            "oci_identity_compartment.viswaterraform"
          ]
        }
      ]
    },
    {
      "mode": "managed",
      "type": "oci_core_vcn",
      "name": "vigviswavcn",
      "provider": "provider[\"registry.terraform.io/oracle/oci\"]",
      "instances": [
        {
          "schema_version": 0,
          "attributes": {
            "byoipv6cidr_blocks": [],
            "byoipv6cidr_details": [],
            "cidr_block": "172.16.0.0/16",
            "cidr_blocks": [
              "172.16.0.0/16"
            ],
            "compartment_id": "ocid1.compartment.oc1..aaaaaaaa47tswgehalcy3u4jtew6gxduww3233cqmm6i6k5wwfv75bhwfh7a",
            "default_dhcp_options_id": "ocid1.dhcpoptions.oc1.iad.aaaaaaaatoa2wuhtvfrsgwkj66yu5kz3h2ckkbu2tpg7zslgdui4m2yetohq",
            "default_route_table_id": "ocid1.routetable.oc1.iad.aaaaaaaa2wm6agqzxuyd3ix7eqxy74qhva22ik5klhrfdg53jvsriwxdoteq",
            "default_security_list_id": "ocid1.securitylist.oc1.iad.aaaaaaaamhd62iycrk7kblehuovkgasv3j5aefdjdli2qxsfs4qtbuwqmtsa",
            "defined_tags": {
              "TagDefaults.Created_at": "2022-10-17T15:49:58.407Z",
              "TagDefaults.Created_by": "oracleidentitycloudservice/vignesh.vv.viswanathan@oracle.com"
            },
            "display_name": "Viswa VCN",
            "dns_label": "viswavcn",
            "freeform_tags": {
              "Source": "Terraform"
            },
            "id": "ocid1.vcn.oc1.iad.amaaaaaaytsgwayaz5od6xdfekscl6dhku3qtw2lohnbiedgsg4yxu5jodgq",
            "ipv6cidr_blocks": [],
            "ipv6private_cidr_blocks": [],
            "is_ipv6enabled": false,
            "is_oracle_gua_allocation_enabled": null,
            "state": "AVAILABLE",
            "time_created": "2022-10-17 15:49:58.536 +0000 UTC",
            "timeouts": null,
            "vcn_domain_name": "viswavcn.oraclevcn.com"
          },
          "sensitive_attributes": [],
          "private": "eyJlMmJmYjczMC1lY2FhLTExZTYtOGY4OC0zNDM2M2JjN2M0YzAiOnsiY3JlYXRlIjoxMjAwMDAwMDAwMDAwLCJkZWxldGUiOjEyMDAwMDAwMDAwMDAsInVwZGF0ZSI6MTIwMDAwMDAwMDAwMH19",
          "dependencies": [
            "oci_identity_compartment.viswaterraform"
          ]
        }
      ]
    },
    {
      "mode": "managed",
      "type": "oci_identity_compartment",
      "name": "viswaterraform",
      "provider": "provider[\"registry.terraform.io/oracle/oci\"]",
      "instances": [
        {
          "schema_version": 0,
          "attributes": {
            "compartment_id": "ocid1.compartment.oc1..aaaaaaaasdtuehkmrsgdlj52gt4edv4yjnw5jmup4z7wks6jvlvvgxjitnnq",
            "defined_tags": {
              "TagDefaults.Created_at": "2022-10-16T19:01:23.556Z",
              "TagDefaults.Created_by": "oracleidentitycloudservice/vignesh.vv.viswanathan@oracle.com"
            },
            "description": "Compartment for Vignesh's Terraform Assets",
            "enable_delete": null,
            "freeform_tags": {},
            "id": "ocid1.compartment.oc1..aaaaaaaa47tswgehalcy3u4jtew6gxduww3233cqmm6i6k5wwfv75bhwfh7a",
            "inactive_state": null,
            "is_accessible": true,
            "name": "viswaterraform",
            "state": "ACTIVE",
            "time_created": "2022-10-16 19:01:23.63 +0000 UTC",
            "timeouts": null
          },
          "sensitive_attributes": [],
          "private": "eyJlMmJmYjczMC1lY2FhLTExZTYtOGY4OC0zNDM2M2JjN2M0YzAiOnsiZGVsZXRlIjo1NDAwMDAwMDAwMDAwfX0="
        }
      ]
    }
  ],
  "check_results": []
}
